
Microsoft Visual Studio Solution File, Format Version 12.00
# Visual Studio Version 17
VisualStudioVersion = 17.5.33516.290
MinimumVisualStudioVersion = 10.0.40219.1
Project("{FAE04EC0-301F-11D3-BF4B-00C04F79EFBC}") = "EIStarterCS", "EIStarterCS\EIStarterCS.csproj", "{6B2B900D-9480-46F1-A649-F9AE26BA2D30}"
EndProject
Project("{2150E333-8FDC-42A3-9474-1A3956D46DE8}") = "Solution Items", "Solution Items", "{3C59C898-B45D-49C4-AFEF-81A1B9572B1E}"
	ProjectSection(SolutionItems) = preProject
		.editorconfig = .editorconfig
	EndProjectSection
EndProject
Global
	GlobalSection(SolutionConfigurationPlatforms) = preSolution
		Debug|Any CPU = Debug|Any CPU
		Release|Any CPU = Release|Any CPU
	EndGlobalSection
	GlobalSection(ProjectConfigurationPlatforms) = postSolution
		{6B2B900D-9480-46F1-A649-F9AE26BA2D30}.Debug|Any CPU.ActiveCfg = Debug|Any CPU
		{6B2B900D-9480-46F1-A649-F9AE26BA2D30}.Debug|Any CPU.Build.0 = Debug|Any CPU
		{6B2B900D-9480-46F1-A649-F9AE26BA2D30}.Release|Any CPU.ActiveCfg = Release|Any CPU
		{6B2B900D-9480-46F1-A649-F9AE26BA2D30}.Release|Any CPU.Build.0 = Release|Any CPU
	EndGlobalSection
	GlobalSection(SolutionProperties) = preSolution
		HideSolutionNode = FALSE
	EndGlobalSection
	GlobalSection(ExtensibilityGlobals) = postSolution
		SolutionGuid = {0F9B511D-8B69-4DA7-BC40-8C32C7F874F8}
	EndGlobalSection
EndGlobal
